
Microsoft Visual Studio Solution File, Format Version 12.00
# Visual Studio Version 16
VisualStudioVersion = 16.0.30413.136
MinimumVisualStudioVersion = 10.0.40219.1
Project("{FAE04EC0-301F-11D3-BF4B-00C04F79EFBC}") = "FutureValue", "FutureValue\FutureValue.csproj", "{7A1B2E8B-8AEE-4151-99DA-72E72AE23FBA}"
EndProject
Project("{FAE04EC0-301F-11D3-BF4B-00C04F79EFBC}") = "FutureValueMVC", "FutureValueMVC\FutureValueMVC.csproj", "{F99AC22D-88DC-4987-8560-BBC5630BB513}"
EndProject
Global
	GlobalSection(SolutionConfigurationPlatforms) = preSolution
		Debug|Any CPU = Debug|Any CPU
		Release|Any CPU = Release|Any CPU
	EndGlobalSection
	GlobalSection(ProjectConfigurationPlatforms) = postSolution
		{7A1B2E8B-8AEE-4151-99DA-72E72AE23FBA}.Debug|Any CPU.ActiveCfg = Debug|Any CPU
		{7A1B2E8B-8AEE-4151-99DA-72E72AE23FBA}.Debug|Any CPU.Build.0 = Debug|Any CPU
		{7A1B2E8B-8AEE-4151-99DA-72E72AE23FBA}.Release|Any CPU.ActiveCfg = Release|Any CPU
		{7A1B2E8B-8AEE-4151-99DA-72E72AE23FBA}.Release|Any CPU.Build.0 = Release|Any CPU
		{F99AC22D-88DC-4987-8560-BBC5630BB513}.Debug|Any CPU.ActiveCfg = Debug|Any CPU
		{F99AC22D-88DC-4987-8560-BBC5630BB513}.Debug|Any CPU.Build.0 = Debug|Any CPU
		{F99AC22D-88DC-4987-8560-BBC5630BB513}.Release|Any CPU.ActiveCfg = Release|Any CPU
		{F99AC22D-88DC-4987-8560-BBC5630BB513}.Release|Any CPU.Build.0 = Release|Any CPU
	EndGlobalSection
	GlobalSection(SolutionProperties) = preSolution
		HideSolutionNode = FALSE
	EndGlobalSection
	GlobalSection(ExtensibilityGlobals) = postSolution
		SolutionGuid = {AA416AE6-BC47-4CEA-BD0C-92FD910E8758}
	EndGlobalSection
EndGlobal
